
Microsoft Visual Studio Solution File, Format Version 12.00
# Visual Studio Version 17
VisualStudioVersion = 17.7.34202.233
MinimumVisualStudioVersion = 10.0.40219.1
Project("{FAE04EC0-301F-11D3-BF4B-00C04F79EFBC}") = "sistmBancoEd", "sistmBancoEd\sistmBancoEd.csproj", "{95A5072E-E883-4F5E-85DF-ABB393ABCFE8}"
EndProject
Global
	GlobalSection(SolutionConfigurationPlatforms) = preSolution
		Debug|Any CPU = Debug|Any CPU
		Release|Any CPU = Release|Any CPU
	EndGlobalSection
	GlobalSection(ProjectConfigurationPlatforms) = postSolution
		{95A5072E-E883-4F5E-85DF-ABB393ABCFE8}.Debug|Any CPU.ActiveCfg = Debug|Any CPU
		{95A5072E-E883-4F5E-85DF-ABB393ABCFE8}.Debug|Any CPU.Build.0 = Debug|Any CPU
		{95A5072E-E883-4F5E-85DF-ABB393ABCFE8}.Release|Any CPU.ActiveCfg = Release|Any CPU
		{95A5072E-E883-4F5E-85DF-ABB393ABCFE8}.Release|Any CPU.Build.0 = Release|Any CPU
	EndGlobalSection
	GlobalSection(SolutionProperties) = preSolution
		HideSolutionNode = FALSE
	EndGlobalSection
	GlobalSection(ExtensibilityGlobals) = postSolution
		SolutionGuid = {D908059D-F4D8-4DFD-976B-6108565E523C}
	EndGlobalSection
EndGlobal
